
Microsoft Visual Studio Solution File, Format Version 12.00
# Visual Studio Version 17
VisualStudioVersion = 17.1.32210.238
MinimumVisualStudioVersion = 10.0.40219.1
Project("{FAE04EC0-301F-11D3-BF4B-00C04F79EFBC}") = "Constructores", "Constructores\Constructores.csproj", "{3DD97868-5579-4976-8E62-184979FDDCCA}"
EndProject
Global
	GlobalSection(SolutionConfigurationPlatforms) = preSolution
		Debug|Any CPU = Debug|Any CPU
		Release|Any CPU = Release|Any CPU
	EndGlobalSection
	GlobalSection(ProjectConfigurationPlatforms) = postSolution
		{3DD97868-5579-4976-8E62-184979FDDCCA}.Debug|Any CPU.ActiveCfg = Debug|Any CPU
		{3DD97868-5579-4976-8E62-184979FDDCCA}.Debug|Any CPU.Build.0 = Debug|Any CPU
		{3DD97868-5579-4976-8E62-184979FDDCCA}.Release|Any CPU.ActiveCfg = Release|Any CPU
		{3DD97868-5579-4976-8E62-184979FDDCCA}.Release|Any CPU.Build.0 = Release|Any CPU
	EndGlobalSection
	GlobalSection(SolutionProperties) = preSolution
		HideSolutionNode = FALSE
	EndGlobalSection
	GlobalSection(ExtensibilityGlobals) = postSolution
		SolutionGuid = {2876767E-82C5-48ED-A6B9-708A147CF534}
	EndGlobalSection
EndGlobal
